<?xml version="1.0" encoding="utf-8"?>
<Project ToolsVersion="4.0" xmlns="http://schemas.microsoft.com/developer/msbuild/2003">
  <ItemGroup>
    <ClCompile Include="main.cpp" />
    <ClCompile Include="stdafx.cpp" />
    <ClCompile Include="Core\Core.cpp">
      <Filter>Core</Filter>
    </ClCompile>
    <ClCompile Include="Managers\GuiManager.cpp">
      <Filter>Managers</Filter>
    </ClCompile>
    <ClCompile Include="Managers\VRManager.cpp">
      <Filter>Managers</Filter>
    </ClCompile>
    <ClCompile Include="Managers\ConfigManager.cpp">
      <Filter>Managers</Filter>
    </ClCompile>
    <ClCompile Include="Gui\GuiScreen.cpp">
      <Filter>Gui</Filter>
    </ClCompile>
    <ClCompile Include="Gui\GuiElement.cpp">
      <Filter>Gui</Filter>
    </ClCompile>
    <ClCompile Include="Gui\GuiWindow.cpp">
      <Filter>Gui</Filter>
    </ClCompile>
    <ClCompile Include="Managers\SfmlManager.cpp">
      <Filter>Managers</Filter>
    </ClCompile>
    <ClCompile Include="Gui\GuiButton.cpp">
      <Filter>Gui</Filter>
    </ClCompile>
    <ClCompile Include="Gui\GuiCheckbox.cpp">
      <Filter>Gui</Filter>
    </ClCompile>
    <ClCompile Include="Gui\GuiLabel.cpp">
      <Filter>Gui</Filter>
    </ClCompile>
    <ClCompile Include="Gui\GuiInputText.cpp">
      <Filter>Gui</Filter>
    </ClCompile>
    <ClCompile Include="Gui\GuiText.cpp">
      <Filter>Gui</Filter>
    </ClCompile>
    <ClCompile Include="Gui\GuiSeparator.cpp">
      <Filter>Gui</Filter>
    </ClCompile>
    <ClCompile Include="Gui\GuiRadioButton.cpp">
      <Filter>Gui</Filter>
    </ClCompile>
    <ClCompile Include="Managers\CalibrationHelper.cpp">
      <Filter>Managers</Filter>
    </ClCompile>
    <ClCompile Include="..\vendor\imgui\imgui.cpp">
      <Filter>vendor\imgui</Filter>
    </ClCompile>
    <ClCompile Include="..\vendor\imgui\imgui_draw.cpp">
      <Filter>vendor\imgui</Filter>
    </ClCompile>
    <ClCompile Include="..\vendor\imgui\imgui_tables.cpp">
      <Filter>vendor\imgui</Filter>
    </ClCompile>
    <ClCompile Include="..\vendor\imgui\imgui_widgets.cpp">
      <Filter>vendor\imgui</Filter>
    </ClCompile>
    <ClCompile Include="..\vendor\imgui-sfml\imgui-SFML.cpp">
      <Filter>vendor\imgui-sfml</Filter>
    </ClCompile>
    <ClCompile Include="..\vendor\pugixml\src\pugixml.cpp">
      <Filter>vendor\pugixml</Filter>
    </ClCompile>
    <ClCompile Include="..\shared\Utils.cpp">
      <Filter>shared</Filter>
    </ClCompile>
  </ItemGroup>
  <ItemGroup>
    <ClInclude Include="stdafx.h" />
    <ClInclude Include="Core\Core.h">
      <Filter>Core</Filter>
    </ClInclude>
    <ClInclude Include="Managers\GuiManager.h">
      <Filter>Managers</Filter>
    </ClInclude>
    <ClInclude Include="Managers\VRManager.h">
      <Filter>Managers</Filter>
    </ClInclude>
    <ClInclude Include="Managers\ConfigManager.h">
      <Filter>Managers</Filter>
    </ClInclude>
    <ClInclude Include="Gui\GuiScreen.h">
      <Filter>Gui</Filter>
    </ClInclude>
    <ClInclude Include="Gui\GuiElement.h">
      <Filter>Gui</Filter>
    </ClInclude>
    <ClInclude Include="Gui\GuiWindow.h">
      <Filter>Gui</Filter>
    </ClInclude>
    <ClInclude Include="Managers\SfmlManager.h">
      <Filter>Managers</Filter>
    </ClInclude>
    <ClInclude Include="Gui\GuiButton.h">
      <Filter>Gui</Filter>
    </ClInclude>
    <ClInclude Include="Gui\GuiCheckbox.h">
      <Filter>Gui</Filter>
    </ClInclude>
    <ClInclude Include="Gui\GuiLabel.h">
      <Filter>Gui</Filter>
    </ClInclude>
    <ClInclude Include="Gui\GuiInputText.h">
      <Filter>Gui</Filter>
    </ClInclude>
    <ClInclude Include="Gui\GuiText.h">
      <Filter>Gui</Filter>
    </ClInclude>
    <ClInclude Include="Gui\GuiSeparator.h">
      <Filter>Gui</Filter>
    </ClInclude>
    <ClInclude Include="Gui\GuiRadioButton.h">
      <Filter>Gui</Filter>
    </ClInclude>
    <ClInclude Include="Managers\CalibrationHelper.h">
      <Filter>Managers</Filter>
    </ClInclude>
    <ClInclude Include="resource.h" />
  </ItemGroup>
  <ItemGroup>
    <Filter Include="Core">
      <UniqueIdentifier>{77545cd2-d969-4ceb-addb-e29e11ab0bbd}</UniqueIdentifier>
    </Filter>
    <Filter Include="Managers">
      <UniqueIdentifier>{db7bf43f-1aca-48fd-8ce0-fff4899fe380}</UniqueIdentifier>
    </Filter>
    <Filter Include="vendor">
      <UniqueIdentifier>{5816f81a-c3aa-4609-a8d8-19708ba37b93}</UniqueIdentifier>
    </Filter>
    <Filter Include="vendor\pugixml">
      <UniqueIdentifier>{2121960e-4593-4663-89bd-982f665f2433}</UniqueIdentifier>
    </Filter>
    <Filter Include="Gui">
      <UniqueIdentifier>{3dea3113-321f-4538-8e28-f1376b72f660}</UniqueIdentifier>
    </Filter>
    <Filter Include="vendor\imgui">
      <UniqueIdentifier>{aaa5edba-fae1-4c48-b4ea-33bb4fbe5fc6}</UniqueIdentifier>
    </Filter>
    <Filter Include="vendor\imgui-sfml">
      <UniqueIdentifier>{57ae7a9b-798d-4866-abe8-e210ec36c60c}</UniqueIdentifier>
    </Filter>
    <Filter Include="shared">
      <UniqueIdentifier>{c19c7d12-dcd2-431f-98a0-478a1912f66d}</UniqueIdentifier>
    </Filter>
  </ItemGroup>
  <ItemGroup>
    <ResourceCompile Include="kinect_dash.rc" />
  </ItemGroup>
  <ItemGroup>
    <Image Include="base.ico" />
  </ItemGroup>
</Project>